
Microsoft Visual Studio Solution File, Format Version 12.00
# Visual Studio Version 17
VisualStudioVersion = 17.4.33213.308
MinimumVisualStudioVersion = 10.0.40219.1
Project("{FAE04EC0-301F-11D3-BF4B-00C04F79EFBC}") = "Earth", "Earth\Earth.csproj", "{8C878D60-C80D-44CF-B065-6AD1827638C2}"
EndProject
Global
	GlobalSection(SolutionConfigurationPlatforms) = preSolution
		Debug|Any CPU = Debug|Any CPU
		Release|Any CPU = Release|Any CPU
	EndGlobalSection
	GlobalSection(ProjectConfigurationPlatforms) = postSolution
		{8C878D60-C80D-44CF-B065-6AD1827638C2}.Debug|Any CPU.ActiveCfg = Debug|Any CPU
		{8C878D60-C80D-44CF-B065-6AD1827638C2}.Debug|Any CPU.Build.0 = Debug|Any CPU
		{8C878D60-C80D-44CF-B065-6AD1827638C2}.Release|Any CPU.ActiveCfg = Release|Any CPU
		{8C878D60-C80D-44CF-B065-6AD1827638C2}.Release|Any CPU.Build.0 = Release|Any CPU
	EndGlobalSection
	GlobalSection(SolutionProperties) = preSolution
		HideSolutionNode = FALSE
	EndGlobalSection
	GlobalSection(ExtensibilityGlobals) = postSolution
		SolutionGuid = {A576BBFD-2493-412C-9899-DB69E42C2C5C}
	EndGlobalSection
EndGlobal
